
Microsoft Visual Studio Solution File, Format Version 12.00
# Visual Studio Version 16
VisualStudioVersion = 16.0.31105.61
MinimumVisualStudioVersion = 10.0.40219.1
Project("{FAE04EC0-301F-11D3-BF4B-00C04F79EFBC}") = "DadJokeService.API", "DadJokeService.API\DadJokeService.API.csproj", "{756DAB25-FEF1-4A9D-8D6E-12F8D0AF95DC}"
EndProject
Project("{9A19103F-16F7-4668-BE54-9A1E7A4F7556}") = "DadJokeService.API.Tests.Unit", "Tests\DadJokeService.Tests.Unit\DadJokeService.API.Tests.Unit.csproj", "{35ABC298-B454-4135-BBFA-156E4F5E3B00}"
EndProject
Global
	GlobalSection(SolutionConfigurationPlatforms) = preSolution
		Debug|Any CPU = Debug|Any CPU
		Release|Any CPU = Release|Any CPU
	EndGlobalSection
	GlobalSection(ProjectConfigurationPlatforms) = postSolution
		{756DAB25-FEF1-4A9D-8D6E-12F8D0AF95DC}.Debug|Any CPU.ActiveCfg = Debug|Any CPU
		{756DAB25-FEF1-4A9D-8D6E-12F8D0AF95DC}.Debug|Any CPU.Build.0 = Debug|Any CPU
		{756DAB25-FEF1-4A9D-8D6E-12F8D0AF95DC}.Release|Any CPU.ActiveCfg = Release|Any CPU
		{756DAB25-FEF1-4A9D-8D6E-12F8D0AF95DC}.Release|Any CPU.Build.0 = Release|Any CPU
		{35ABC298-B454-4135-BBFA-156E4F5E3B00}.Debug|Any CPU.ActiveCfg = Debug|Any CPU
		{35ABC298-B454-4135-BBFA-156E4F5E3B00}.Debug|Any CPU.Build.0 = Debug|Any CPU
		{35ABC298-B454-4135-BBFA-156E4F5E3B00}.Release|Any CPU.ActiveCfg = Release|Any CPU
		{35ABC298-B454-4135-BBFA-156E4F5E3B00}.Release|Any CPU.Build.0 = Release|Any CPU
	EndGlobalSection
	GlobalSection(SolutionProperties) = preSolution
		HideSolutionNode = FALSE
	EndGlobalSection
	GlobalSection(ExtensibilityGlobals) = postSolution
		SolutionGuid = {C11270DB-4BBE-47E4-A8C1-2766F0579A5F}
	EndGlobalSection
EndGlobal
