
Microsoft Visual Studio Solution File, Format Version 12.00
# Visual Studio Version 16
VisualStudioVersion = 16.0.31105.61
MinimumVisualStudioVersion = 10.0.40219.1
Project("{FAE04EC0-301F-11D3-BF4B-00C04F79EFBC}") = "DadJokeService", "DadJokeService.csproj", "{569E2216-6F5D-476B-A917-FCF34D4757D5}"
EndProject
Project("{FAE04EC0-301F-11D3-BF4B-00C04F79EFBC}") = "DadJokeService.Tests.Unit", "..\DadJokeService.Tests.Unit\DadJokeService.Tests.Unit.csproj", "{542A0AC6-903B-470C-B890-15D1FF4C5507}"
EndProject
Global
	GlobalSection(SolutionConfigurationPlatforms) = preSolution
		Debug|Any CPU = Debug|Any CPU
		Release|Any CPU = Release|Any CPU
	EndGlobalSection
	GlobalSection(ProjectConfigurationPlatforms) = postSolution
		{569E2216-6F5D-476B-A917-FCF34D4757D5}.Debug|Any CPU.ActiveCfg = Debug|Any CPU
		{569E2216-6F5D-476B-A917-FCF34D4757D5}.Debug|Any CPU.Build.0 = Debug|Any CPU
		{569E2216-6F5D-476B-A917-FCF34D4757D5}.Release|Any CPU.ActiveCfg = Release|Any CPU
		{569E2216-6F5D-476B-A917-FCF34D4757D5}.Release|Any CPU.Build.0 = Release|Any CPU
		{542A0AC6-903B-470C-B890-15D1FF4C5507}.Debug|Any CPU.ActiveCfg = Debug|Any CPU
		{542A0AC6-903B-470C-B890-15D1FF4C5507}.Debug|Any CPU.Build.0 = Debug|Any CPU
		{542A0AC6-903B-470C-B890-15D1FF4C5507}.Release|Any CPU.ActiveCfg = Release|Any CPU
		{542A0AC6-903B-470C-B890-15D1FF4C5507}.Release|Any CPU.Build.0 = Release|Any CPU
	EndGlobalSection
	GlobalSection(SolutionProperties) = preSolution
		HideSolutionNode = FALSE
	EndGlobalSection
	GlobalSection(ExtensibilityGlobals) = postSolution
		SolutionGuid = {DDEA61CB-CE18-4052-8D1D-F1DE4F6C7881}
	EndGlobalSection
EndGlobal
